{
  "originHash" : "c351aabe13067917247f7926404d096603b95663248b51124280feb61a2edf30",
  "pins" : [
    {
      "identity" : "openai",
      "kind" : "remoteSourceControl",
      "location" : "https://github.com/MacPaw/OpenAI",
      "state" : {
        "revision" : "40f3d6cdb5a2ad72369984a8e0e99a28c6e46f47",
        "version" : "0.4.2"
      }
    }
  ],
  "version" : 3
}
